<?xml version="1.0" encoding="utf-8"?>
<Project ToolsVersion="4.0" xmlns="http://schemas.microsoft.com/developer/msbuild/2003">
  <ItemGroup>
    <Filter Include="Dots">
      <UniqueIdentifier>{DF40847C-CB77-850D-7464-6B10607A010F}</UniqueIdentifier>
    </Filter>
    <Filter Include="Env">
      <UniqueIdentifier>{0EE7870B-7AF0-877C-036C-9E7C6F74937C}</UniqueIdentifier>
    </Filter>
  </ItemGroup>
  <ItemGroup>
    <ClInclude Include="src\Dots\Brain.h">
      <Filter>Dots</Filter>
    </ClInclude>
    <ClInclude Include="src\Dots\Dot.h">
      <Filter>Dots</Filter>
    </ClInclude>
    <ClInclude Include="src\Dots2.h" />
    <ClInclude Include="src\Env\Scene.h">
      <Filter>Env</Filter>
    </ClInclude>
    <ClInclude Include="src\Utils.h" />
  </ItemGroup>
  <ItemGroup>
    <ClCompile Include="src\App.cpp" />
    <ClCompile Include="src\Dots\Brain.cpp">
      <Filter>Dots</Filter>
    </ClCompile>
    <ClCompile Include="src\Dots\Dot.cpp">
      <Filter>Dots</Filter>
    </ClCompile>
    <ClCompile Include="src\Dots2.cpp" />
    <ClCompile Include="src\Env\Scene.cpp">
      <Filter>Env</Filter>
    </ClCompile>
  </ItemGroup>
</Project>